
Microsoft Visual Studio Solution File, Format Version 12.00
# Visual Studio 15
VisualStudioVersion = 15.0.26730.12
MinimumVisualStudioVersion = 10.0.40219.1
Project("{8BC9CEB8-8B4A-11D0-8D11-00A0C91BC942}") = "Emulator6502", "Emulator6502\Emulator6502.vcxproj", "{D4F46376-DB7C-4E5D-BCF5-33B1E73871FE}"
EndProject
Project("{8BC9CEB8-8B4A-11D0-8D11-00A0C91BC942}") = "Emulator6502Tests", "Emulator6502Tests\Emulator6502Tests.vcxproj", "{5043F5E4-6542-4E8A-B503-BCC7CA717C12}"
EndProject
Project("{8BC9CEB8-8B4A-11D0-8D11-00A0C91BC942}") = "GTest", "GTest\GTest.vcxproj", "{72F46717-C6B2-4F2C-8965-3C1812889F99}"
EndProject
Global
	GlobalSection(SolutionConfigurationPlatforms) = preSolution
		Debug|Any CPU = Debug|Any CPU
		Debug|x64 = Debug|x64
		Debug|x86 = Debug|x86
		Release|Any CPU = Release|Any CPU
		Release|x64 = Release|x64
		Release|x86 = Release|x86
	EndGlobalSection
	GlobalSection(ProjectConfigurationPlatforms) = postSolution
		{D4F46376-DB7C-4E5D-BCF5-33B1E73871FE}.Debug|Any CPU.ActiveCfg = Debug|Win32
		{D4F46376-DB7C-4E5D-BCF5-33B1E73871FE}.Debug|x64.ActiveCfg = Debug|x64
		{D4F46376-DB7C-4E5D-BCF5-33B1E73871FE}.Debug|x64.Build.0 = Debug|x64
		{D4F46376-DB7C-4E5D-BCF5-33B1E73871FE}.Debug|x86.ActiveCfg = Debug|Win32
		{D4F46376-DB7C-4E5D-BCF5-33B1E73871FE}.Debug|x86.Build.0 = Debug|Win32
		{D4F46376-DB7C-4E5D-BCF5-33B1E73871FE}.Release|Any CPU.ActiveCfg = Release|Win32
		{D4F46376-DB7C-4E5D-BCF5-33B1E73871FE}.Release|x64.ActiveCfg = Release|x64
		{D4F46376-DB7C-4E5D-BCF5-33B1E73871FE}.Release|x64.Build.0 = Release|x64
		{D4F46376-DB7C-4E5D-BCF5-33B1E73871FE}.Release|x86.ActiveCfg = Release|Win32
		{D4F46376-DB7C-4E5D-BCF5-33B1E73871FE}.Release|x86.Build.0 = Release|Win32
		{5043F5E4-6542-4E8A-B503-BCC7CA717C12}.Debug|Any CPU.ActiveCfg = Debug|Win32
		{5043F5E4-6542-4E8A-B503-BCC7CA717C12}.Debug|x64.ActiveCfg = Debug|x64
		{5043F5E4-6542-4E8A-B503-BCC7CA717C12}.Debug|x64.Build.0 = Debug|x64
		{5043F5E4-6542-4E8A-B503-BCC7CA717C12}.Debug|x86.ActiveCfg = Debug|Win32
		{5043F5E4-6542-4E8A-B503-BCC7CA717C12}.Debug|x86.Build.0 = Debug|Win32
		{5043F5E4-6542-4E8A-B503-BCC7CA717C12}.Release|Any CPU.ActiveCfg = Release|Win32
		{5043F5E4-6542-4E8A-B503-BCC7CA717C12}.Release|x64.ActiveCfg = Release|x64
		{5043F5E4-6542-4E8A-B503-BCC7CA717C12}.Release|x64.Build.0 = Release|x64
		{5043F5E4-6542-4E8A-B503-BCC7CA717C12}.Release|x86.ActiveCfg = Release|Win32
		{5043F5E4-6542-4E8A-B503-BCC7CA717C12}.Release|x86.Build.0 = Release|Win32
		{72F46717-C6B2-4F2C-8965-3C1812889F99}.Debug|Any CPU.ActiveCfg = Debug|Win32
		{72F46717-C6B2-4F2C-8965-3C1812889F99}.Debug|x64.ActiveCfg = Debug|x64
		{72F46717-C6B2-4F2C-8965-3C1812889F99}.Debug|x64.Build.0 = Debug|x64
		{72F46717-C6B2-4F2C-8965-3C1812889F99}.Debug|x86.ActiveCfg = Debug|Win32
		{72F46717-C6B2-4F2C-8965-3C1812889F99}.Debug|x86.Build.0 = Debug|Win32
		{72F46717-C6B2-4F2C-8965-3C1812889F99}.Release|Any CPU.ActiveCfg = Release|Win32
		{72F46717-C6B2-4F2C-8965-3C1812889F99}.Release|x64.ActiveCfg = Release|x64
		{72F46717-C6B2-4F2C-8965-3C1812889F99}.Release|x64.Build.0 = Release|x64
		{72F46717-C6B2-4F2C-8965-3C1812889F99}.Release|x86.ActiveCfg = Release|Win32
		{72F46717-C6B2-4F2C-8965-3C1812889F99}.Release|x86.Build.0 = Release|Win32
	EndGlobalSection
	GlobalSection(SolutionProperties) = preSolution
		HideSolutionNode = FALSE
	EndGlobalSection
	GlobalSection(ExtensibilityGlobals) = postSolution
		SolutionGuid = {7D5A5FA9-994C-43FF-84D2-E67238CB7CE5}
	EndGlobalSection
EndGlobal
